
Microsoft Visual Studio Solution File, Format Version 12.00
# Visual Studio Version 17
VisualStudioVersion = 17.6.33829.357
MinimumVisualStudioVersion = 10.0.40219.1
Project("{9A19103F-16F7-4668-BE54-9A1E7A4F7556}") = "FlashCard", "FlashCard\FlashCard.csproj", "{5CE1DA3D-380F-4C2A-B6C6-4EC3A7C66DCF}"
EndProject
Project("{FAE04EC0-301F-11D3-BF4B-00C04F79EFBC}") = "FlashCards.Domain", "FlashCards.Domain\FlashCards.Domain.csproj", "{9C0C74C0-8D0E-4259-B6AB-E971F51BBA02}"
EndProject
Project("{FAE04EC0-301F-11D3-BF4B-00C04F79EFBC}") = "FlashCards.Contracts", "FlashCards.Contracts\FlashCards.Contracts.csproj", "{C8E1D3D4-366B-4EE9-9D35-B94D3442AA95}"
EndProject
Global
	GlobalSection(SolutionConfigurationPlatforms) = preSolution
		Debug|Any CPU = Debug|Any CPU
		Release|Any CPU = Release|Any CPU
	EndGlobalSection
	GlobalSection(ProjectConfigurationPlatforms) = postSolution
		{5CE1DA3D-380F-4C2A-B6C6-4EC3A7C66DCF}.Debug|Any CPU.ActiveCfg = Debug|Any CPU
		{5CE1DA3D-380F-4C2A-B6C6-4EC3A7C66DCF}.Debug|Any CPU.Build.0 = Debug|Any CPU
		{5CE1DA3D-380F-4C2A-B6C6-4EC3A7C66DCF}.Release|Any CPU.ActiveCfg = Release|Any CPU
		{5CE1DA3D-380F-4C2A-B6C6-4EC3A7C66DCF}.Release|Any CPU.Build.0 = Release|Any CPU
		{9C0C74C0-8D0E-4259-B6AB-E971F51BBA02}.Debug|Any CPU.ActiveCfg = Debug|Any CPU
		{9C0C74C0-8D0E-4259-B6AB-E971F51BBA02}.Debug|Any CPU.Build.0 = Debug|Any CPU
		{9C0C74C0-8D0E-4259-B6AB-E971F51BBA02}.Release|Any CPU.ActiveCfg = Release|Any CPU
		{9C0C74C0-8D0E-4259-B6AB-E971F51BBA02}.Release|Any CPU.Build.0 = Release|Any CPU
		{C8E1D3D4-366B-4EE9-9D35-B94D3442AA95}.Debug|Any CPU.ActiveCfg = Debug|Any CPU
		{C8E1D3D4-366B-4EE9-9D35-B94D3442AA95}.Debug|Any CPU.Build.0 = Debug|Any CPU
		{C8E1D3D4-366B-4EE9-9D35-B94D3442AA95}.Release|Any CPU.ActiveCfg = Release|Any CPU
		{C8E1D3D4-366B-4EE9-9D35-B94D3442AA95}.Release|Any CPU.Build.0 = Release|Any CPU
	EndGlobalSection
	GlobalSection(SolutionProperties) = preSolution
		HideSolutionNode = FALSE
	EndGlobalSection
	GlobalSection(ExtensibilityGlobals) = postSolution
		SolutionGuid = {5C0D5590-37D1-4E79-BC98-518AE38850D7}
	EndGlobalSection
EndGlobal
